// !$*UTF8*$!
{
	archiveVersion = 1;
	classes = {
	};
	objectVersion = 48;
	objects = {

/* Begin PBXBuildFile section */
		200B43CDFA4DAD412ED8E200 /* Pods_MTG.framework in Frameworks */ = {isa = PBXBuildFile; fileRef = 40C5802EF83092EA03E8FFEF /* Pods_MTG.framework */; };
		5964A61FB23EEFC10159BFDB /* Pods_MTGUITests.framework in Frameworks */ = {isa = PBXBuildFile; fileRef = 7DA6983B74DD1DE91B5DCBC2 /* Pods_MTGUITests.framework */; };
		B5B6BE02CEDA829F06593AB9 /* Pods_MTGTests.framework in Frameworks */ = {isa = PBXBuildFile; fileRef = D1BEC668999C3EC31F783EF5 /* Pods_MTGTests.framework */; };
		CB488D8F2032875F00FF322C /* AppDelegate.swift in Sources */ = {isa = PBXBuildFile; fileRef = CB488D8E2032875F00FF322C /* AppDelegate.swift */; };
		CB488D912032875F00FF322C /* HomeViewController.swift in Sources */ = {isa = PBXBuildFile; fileRef = CB488D902032875F00FF322C /* HomeViewController.swift */; };
		CB488D942032875F00FF322C /* Main.storyboard in Resources */ = {isa = PBXBuildFile; fileRef = CB488D922032875F00FF322C /* Main.storyboard */; };
		CB488D962032875F00FF322C /* Assets.xcassets in Resources */ = {isa = PBXBuildFile; fileRef = CB488D952032875F00FF322C /* Assets.xcassets */; };
		CB488D992032875F00FF322C /* LaunchScreen.storyboard in Resources */ = {isa = PBXBuildFile; fileRef = CB488D972032875F00FF322C /* LaunchScreen.storyboard */; };
		CB488DA42032875F00FF322C /* MTGTests.swift in Sources */ = {isa = PBXBuildFile; fileRef = CB488DA32032875F00FF322C /* MTGTests.swift */; };
		CB488DAF2032875F00FF322C /* MTGUITests.swift in Sources */ = {isa = PBXBuildFile; fileRef = CB488DAE2032875F00FF322C /* MTGUITests.swift */; };
		CB488DCD2032B20000FF322C /* SwiftSpinner.framework in Frameworks */ = {isa = PBXBuildFile; fileRef = CB488DCE2032B20000FF322C /* SwiftSpinner.framework */; };
		CB5EA6CB203591B900EA500B /* BtnSteetScrollableViewController.swift in Sources */ = {isa = PBXBuildFile; fileRef = CB5EA6C9203591B900EA500B /* BtnSteetScrollableViewController.swift */; };
		CB5EA6CC203591B900EA500B /* BtnSteetScrollableViewController.xib in Resources */ = {isa = PBXBuildFile; fileRef = CB5EA6CA203591B900EA500B /* BtnSteetScrollableViewController.xib */; };
		CB5EA6CF203599A700EA500B /* BtnSteetViewController.swift in Sources */ = {isa = PBXBuildFile; fileRef = CB5EA6CD203599A700EA500B /* BtnSteetViewController.swift */; };
		CB5EA6DB2035ACB700EA500B /* AddViewController.swift in Sources */ = {isa = PBXBuildFile; fileRef = CB5EA6D92035ACB700EA500B /* AddViewController.swift */; };
		CB5EA6DF2035AE1800EA500B /* BottomSheetViewController.swift in Sources */ = {isa = PBXBuildFile; fileRef = CB5EA6DD2035AE1800EA500B /* BottomSheetViewController.swift */; };
		CB5EA6E02035AE1800EA500B /* BottomSheetViewController.xib in Resources */ = {isa = PBXBuildFile; fileRef = CB5EA6DE2035AE1800EA500B /* BottomSheetViewController.xib */; };
		CB5EA6E22036ADC600EA500B /* Annotation.swift in Sources */ = {isa = PBXBuildFile; fileRef = CB5EA6E12036ADC600EA500B /* Annotation.swift */; };
		CB5EA6E420383FD700EA500B /* AddPinViewController.swift in Sources */ = {isa = PBXBuildFile; fileRef = CB5EA6E320383FD700EA500B /* AddPinViewController.swift */; };
		CB5EA6E6203889E100EA500B /* DroppablePin.swift in Sources */ = {isa = PBXBuildFile; fileRef = CB5EA6E5203889E100EA500B /* DroppablePin.swift */; };
		CB5EA6E92038A56D00EA500B /* PhotoCollectionViewCell.swift in Sources */ = {isa = PBXBuildFile; fileRef = CB5EA6E82038A56D00EA500B /* PhotoCollectionViewCell.swift */; };
		CB5EA6EC203916D000EA500B /* Constants.swift in Sources */ = {isa = PBXBuildFile; fileRef = CB5EA6EB203916D000EA500B /* Constants.swift */; };
		CB5EA6EF20394AEA00EA500B /* PopViewController.swift in Sources */ = {isa = PBXBuildFile; fileRef = CB5EA6EE20394AEA00EA500B /* PopViewController.swift */; };
		CB80D9132032CCDF006AD5EA /* MapBaseViewController.swift in Sources */ = {isa = PBXBuildFile; fileRef = CB80D9122032CCDF006AD5EA /* MapBaseViewController.swift */; };
		CB80D9152032CD16006AD5EA /* Maps.storyboard in Resources */ = {isa = PBXBuildFile; fileRef = CB80D9142032CD16006AD5EA /* Maps.storyboard */; };
		CB80D91B2032D1A2006AD5EA /* google.png in Resources */ = {isa = PBXBuildFile; fileRef = CB80D91A2032D1A2006AD5EA /* google.png */; };
/* End PBXBuildFile section */

/* Begin PBXContainerItemProxy section */
		CB488DA02032875F00FF322C /* PBXContainerItemProxy */ = {
			isa = PBXContainerItemProxy;
			containerPortal = CB488D832032875F00FF322C /* Project object */;
			proxyType = 1;
			remoteGlobalIDString = CB488D8A2032875F00FF322C;
			remoteInfo = MTG;
		};
		CB488DAB2032875F00FF322C /* PBXContainerItemProxy */ = {
			isa = PBXContainerItemProxy;
			containerPortal = CB488D832032875F00FF322C /* Project object */;
			proxyType = 1;
			remoteGlobalIDString = CB488D8A2032875F00FF322C;
			remoteInfo = MTG;
		};
/* End PBXContainerItemProxy section */

/* Begin PBXFileReference section */
		22EFE9899AEF29CF7D0EFE92 /* Pods-MTGUITests.debug.xcconfig */ = {isa = PBXFileReference; includeInIndex = 1; lastKnownFileType = text.xcconfig; name = "Pods-MTGUITests.debug.xcconfig"; path = "Pods/Target Support Files/Pods-MTGUITests/Pods-MTGUITests.debug.xcconfig"; sourceTree = "<group>"; };
		25C5FC93B28FC51D0DB79001 /* Pods-MTGTests.debug.xcconfig */ = {isa = PBXFileReference; includeInIndex = 1; lastKnownFileType = text.xcconfig; name = "Pods-MTGTests.debug.xcconfig"; path = "Pods/Target Support Files/Pods-MTGTests/Pods-MTGTests.debug.xcconfig"; sourceTree = "<group>"; };
		40C5802EF83092EA03E8FFEF /* Pods_MTG.framework */ = {isa = PBXFileReference; explicitFileType = wrapper.framework; includeInIndex = 0; path = Pods_MTG.framework; sourceTree = BUILT_PRODUCTS_DIR; };
		4B1304883B907CB1FCF3027A /* Pods-MTGUITests.release.xcconfig */ = {isa = PBXFileReference; includeInIndex = 1; lastKnownFileType = text.xcconfig; name = "Pods-MTGUITests.release.xcconfig"; path = "Pods/Target Support Files/Pods-MTGUITests/Pods-MTGUITests.release.xcconfig"; sourceTree = "<group>"; };
		7DA6983B74DD1DE91B5DCBC2 /* Pods_MTGUITests.framework */ = {isa = PBXFileReference; explicitFileType = wrapper.framework; includeInIndex = 0; path = Pods_MTGUITests.framework; sourceTree = BUILT_PRODUCTS_DIR; };
		8484178D0A38C7744F52D271 /* Pods-MTG.debug.xcconfig */ = {isa = PBXFileReference; includeInIndex = 1; lastKnownFileType = text.xcconfig; name = "Pods-MTG.debug.xcconfig"; path = "Pods/Target Support Files/Pods-MTG/Pods-MTG.debug.xcconfig"; sourceTree = "<group>"; };
		965AAF41D34AC070D577DA24 /* Pods-MTG.release.xcconfig */ = {isa = PBXFileReference; includeInIndex = 1; lastKnownFileType = text.xcconfig; name = "Pods-MTG.release.xcconfig"; path = "Pods/Target Support Files/Pods-MTG/Pods-MTG.release.xcconfig"; sourceTree = "<group>"; };
		BA48924DA0094CDCC9B2C172 /* Pods-MTGTests.release.xcconfig */ = {isa = PBXFileReference; includeInIndex = 1; lastKnownFileType = text.xcconfig; name = "Pods-MTGTests.release.xcconfig"; path = "Pods/Target Support Files/Pods-MTGTests/Pods-MTGTests.release.xcconfig"; sourceTree = "<group>"; };
		CB488D8B2032875F00FF322C /* MTG.app */ = {isa = PBXFileReference; explicitFileType = wrapper.application; includeInIndex = 0; path = MTG.app; sourceTree = BUILT_PRODUCTS_DIR; };
		CB488D8E2032875F00FF322C /* AppDelegate.swift */ = {isa = PBXFileReference; lastKnownFileType = sourcecode.swift; path = AppDelegate.swift; sourceTree = "<group>"; };
		CB488D902032875F00FF322C /* HomeViewController.swift */ = {isa = PBXFileReference; lastKnownFileType = sourcecode.swift; path = HomeViewController.swift; sourceTree = "<group>"; };
		CB488D932032875F00FF322C /* Base */ = {isa = PBXFileReference; lastKnownFileType = file.storyboard; name = Base; path = Base.lproj/Main.storyboard; sourceTree = "<group>"; };
		CB488D952032875F00FF322C /* Assets.xcassets */ = {isa = PBXFileReference; lastKnownFileType = folder.assetcatalog; path = Assets.xcassets; sourceTree = "<group>"; };
		CB488D982032875F00FF322C /* Base */ = {isa = PBXFileReference; lastKnownFileType = file.storyboard; name = Base; path = Base.lproj/LaunchScreen.storyboard; sourceTree = "<group>"; };
		CB488D9A2032875F00FF322C /* Info.plist */ = {isa = PBXFileReference; lastKnownFileType = text.plist.xml; path = Info.plist; sourceTree = "<group>"; };
		CB488D9F2032875F00FF322C /* MTGTests.xctest */ = {isa = PBXFileReference; explicitFileType = wrapper.cfbundle; includeInIndex = 0; path = MTGTests.xctest; sourceTree = BUILT_PRODUCTS_DIR; };
		CB488DA32032875F00FF322C /* MTGTests.swift */ = {isa = PBXFileReference; lastKnownFileType = sourcecode.swift; path = MTGTests.swift; sourceTree = "<group>"; };
		CB488DA52032875F00FF322C /* Info.plist */ = {isa = PBXFileReference; lastKnownFileType = text.plist.xml; path = Info.plist; sourceTree = "<group>"; };
		CB488DAA2032875F00FF322C /* MTGUITests.xctest */ = {isa = PBXFileReference; explicitFileType = wrapper.cfbundle; includeInIndex = 0; path = MTGUITests.xctest; sourceTree = BUILT_PRODUCTS_DIR; };
		CB488DAE2032875F00FF322C /* MTGUITests.swift */ = {isa = PBXFileReference; lastKnownFileType = sourcecode.swift; path = MTGUITests.swift; sourceTree = "<group>"; };
		CB488DB02032875F00FF322C /* Info.plist */ = {isa = PBXFileReference; lastKnownFileType = text.plist.xml; path = Info.plist; sourceTree = "<group>"; };
		CB488DCE2032B20000FF322C /* SwiftSpinner.framework */ = {isa = PBXFileReference; explicitFileType = wrapper.framework; path = SwiftSpinner.framework; sourceTree = BUILT_PRODUCTS_DIR; };
		CB5EA6C9203591B900EA500B /* BtnSteetScrollableViewController.swift */ = {isa = PBXFileReference; lastKnownFileType = sourcecode.swift; path = BtnSteetScrollableViewController.swift; sourceTree = "<group>"; };
		CB5EA6CA203591B900EA500B /* BtnSteetScrollableViewController.xib */ = {isa = PBXFileReference; lastKnownFileType = file.xib; path = BtnSteetScrollableViewController.xib; sourceTree = "<group>"; };
		CB5EA6CD203599A700EA500B /* BtnSteetViewController.swift */ = {isa = PBXFileReference; lastKnownFileType = sourcecode.swift; path = BtnSteetViewController.swift; sourceTree = "<group>"; };
		CB5EA6D92035ACB700EA500B /* AddViewController.swift */ = {isa = PBXFileReference; lastKnownFileType = sourcecode.swift; path = AddViewController.swift; sourceTree = "<group>"; };
		CB5EA6DD2035AE1800EA500B /* BottomSheetViewController.swift */ = {isa = PBXFileReference; fileEncoding = 4; lastKnownFileType = sourcecode.swift; path = BottomSheetViewController.swift; sourceTree = "<group>"; };
		CB5EA6DE2035AE1800EA500B /* BottomSheetViewController.xib */ = {isa = PBXFileReference; fileEncoding = 4; lastKnownFileType = file.xib; path = BottomSheetViewController.xib; sourceTree = "<group>"; };
		CB5EA6E12036ADC600EA500B /* Annotation.swift */ = {isa = PBXFileReference; lastKnownFileType = sourcecode.swift; path = Annotation.swift; sourceTree = "<group>"; };
		CB5EA6E320383FD700EA500B /* AddPinViewController.swift */ = {isa = PBXFileReference; lastKnownFileType = sourcecode.swift; path = AddPinViewController.swift; sourceTree = "<group>"; };
		CB5EA6E5203889E100EA500B /* DroppablePin.swift */ = {isa = PBXFileReference; lastKnownFileType = sourcecode.swift; path = DroppablePin.swift; sourceTree = "<group>"; };
		CB5EA6E82038A56D00EA500B /* PhotoCollectionViewCell.swift */ = {isa = PBXFileReference; lastKnownFileType = sourcecode.swift; path = PhotoCollectionViewCell.swift; sourceTree = "<group>"; };
		CB5EA6EB203916D000EA500B /* Constants.swift */ = {isa = PBXFileReference; lastKnownFileType = sourcecode.swift; path = Constants.swift; sourceTree = "<group>"; };
		CB5EA6EE20394AEA00EA500B /* PopViewController.swift */ = {isa = PBXFileReference; lastKnownFileType = sourcecode.swift; path = PopViewController.swift; sourceTree = "<group>"; };
		CB80D9122032CCDF006AD5EA /* MapBaseViewController.swift */ = {isa = PBXFileReference; lastKnownFileType = sourcecode.swift; path = MapBaseViewController.swift; sourceTree = "<group>"; };
		CB80D9142032CD16006AD5EA /* Maps.storyboard */ = {isa = PBXFileReference; lastKnownFileType = file.storyboard; path = Maps.storyboard; sourceTree = "<group>"; };
		CB80D91A2032D1A2006AD5EA /* google.png */ = {isa = PBXFileReference; lastKnownFileType = image.png; path = google.png; sourceTree = "<group>"; };
		D1BEC668999C3EC31F783EF5 /* Pods_MTGTests.framework */ = {isa = PBXFileReference; explicitFileType = wrapper.framework; includeInIndex = 0; path = Pods_MTGTests.framework; sourceTree = BUILT_PRODUCTS_DIR; };
/* End PBXFileReference section */

/* Begin PBXFrameworksBuildPhase section */
		CB488D882032875F00FF322C /* Frameworks */ = {
			isa = PBXFrameworksBuildPhase;
			buildActionMask = 2147483647;
			files = (
				CB488DCD2032B20000FF322C /* SwiftSpinner.framework in Frameworks */,
				200B43CDFA4DAD412ED8E200 /* Pods_MTG.framework in Frameworks */,
			);
			runOnlyForDeploymentPostprocessing = 0;
		};
		CB488D9C2032875F00FF322C /* Frameworks */ = {
			isa = PBXFrameworksBuildPhase;
			buildActionMask = 2147483647;
			files = (
				B5B6BE02CEDA829F06593AB9 /* Pods_MTGTests.framework in Frameworks */,
			);
			runOnlyForDeploymentPostprocessing = 0;
		};
		CB488DA72032875F00FF322C /* Frameworks */ = {
			isa = PBXFrameworksBuildPhase;
			buildActionMask = 2147483647;
			files = (
				5964A61FB23EEFC10159BFDB /* Pods_MTGUITests.framework in Frameworks */,
			);
			runOnlyForDeploymentPostprocessing = 0;
		};
/* End PBXFrameworksBuildPhase section */

/* Begin PBXGroup section */
		2A8A632286A634BC4A4F1587 /* Pods */ = {
			isa = PBXGroup;
			children = (
				8484178D0A38C7744F52D271 /* Pods-MTG.debug.xcconfig */,
				965AAF41D34AC070D577DA24 /* Pods-MTG.release.xcconfig */,
				25C5FC93B28FC51D0DB79001 /* Pods-MTGTests.debug.xcconfig */,
				BA48924DA0094CDCC9B2C172 /* Pods-MTGTests.release.xcconfig */,
				22EFE9899AEF29CF7D0EFE92 /* Pods-MTGUITests.debug.xcconfig */,
				4B1304883B907CB1FCF3027A /* Pods-MTGUITests.release.xcconfig */,
			);
			name = Pods;
			sourceTree = "<group>";
		};
		A17D0D81E490BFB729B8DBB3 /* Frameworks */ = {
			isa = PBXGroup;
			children = (
				CB488DCE2032B20000FF322C /* SwiftSpinner.framework */,
				40C5802EF83092EA03E8FFEF /* Pods_MTG.framework */,
				D1BEC668999C3EC31F783EF5 /* Pods_MTGTests.framework */,
				7DA6983B74DD1DE91B5DCBC2 /* Pods_MTGUITests.framework */,
			);
			name = Frameworks;
			sourceTree = "<group>";
		};
		CB488D822032875F00FF322C = {
			isa = PBXGroup;
			children = (
				CB488D8D2032875F00FF322C /* MTG */,
				CB488DA22032875F00FF322C /* MTGTests */,
				CB488DAD2032875F00FF322C /* MTGUITests */,
				CB488D8C2032875F00FF322C /* Products */,
				2A8A632286A634BC4A4F1587 /* Pods */,
				A17D0D81E490BFB729B8DBB3 /* Frameworks */,
			);
			sourceTree = "<group>";
		};
		CB488D8C2032875F00FF322C /* Products */ = {
			isa = PBXGroup;
			children = (
				CB488D8B2032875F00FF322C /* MTG.app */,
				CB488D9F2032875F00FF322C /* MTGTests.xctest */,
				CB488DAA2032875F00FF322C /* MTGUITests.xctest */,
			);
			name = Products;
			sourceTree = "<group>";
		};
		CB488D8D2032875F00FF322C /* MTG */ = {
			isa = PBXGroup;
			children = (
				CB80D9182032D184006AD5EA /* Supports */,
				CB80D9112032CC64006AD5EA /* MapWithManualBtSheet */,
				CB488D8E2032875F00FF322C /* AppDelegate.swift */,
				CB488D902032875F00FF322C /* HomeViewController.swift */,
				CB488D922032875F00FF322C /* Main.storyboard */,
				CB488D952032875F00FF322C /* Assets.xcassets */,
				CB488D972032875F00FF322C /* LaunchScreen.storyboard */,
				CB488D9A2032875F00FF322C /* Info.plist */,
			);
			path = MTG;
			sourceTree = "<group>";
		};
		CB488DA22032875F00FF322C /* MTGTests */ = {
			isa = PBXGroup;
			children = (
				CB488DA32032875F00FF322C /* MTGTests.swift */,
				CB488DA52032875F00FF322C /* Info.plist */,
			);
			path = MTGTests;
			sourceTree = "<group>";
		};
		CB488DAD2032875F00FF322C /* MTGUITests */ = {
			isa = PBXGroup;
			children = (
				CB488DAE2032875F00FF322C /* MTGUITests.swift */,
				CB488DB02032875F00FF322C /* Info.plist */,
			);
			path = MTGUITests;
			sourceTree = "<group>";
		};
		CB5EA6E72038A4CB00EA500B /* CityMap */ = {
			isa = PBXGroup;
			children = (
				CB5EA6ED203916D900EA500B /* Utilities */,
				CB5EA6E12036ADC600EA500B /* Annotation.swift */,
				CB5EA6E320383FD700EA500B /* AddPinViewController.swift */,
				CB5EA6E5203889E100EA500B /* DroppablePin.swift */,
				CB5EA6E82038A56D00EA500B /* PhotoCollectionViewCell.swift */,
				CB5EA6EE20394AEA00EA500B /* PopViewController.swift */,
			);
			path = CityMap;
			sourceTree = "<group>";
		};
		CB5EA6ED203916D900EA500B /* Utilities */ = {
			isa = PBXGroup;
			children = (
				CB5EA6EB203916D000EA500B /* Constants.swift */,
			);
			path = Utilities;
			sourceTree = "<group>";
		};
		CB80D9112032CC64006AD5EA /* MapWithManualBtSheet */ = {
			isa = PBXGroup;
			children = (
				CB5EA6E72038A4CB00EA500B /* CityMap */,
				CB5EA6DD2035AE1800EA500B /* BottomSheetViewController.swift */,
				CB5EA6DE2035AE1800EA500B /* BottomSheetViewController.xib */,
				CB80D9122032CCDF006AD5EA /* MapBaseViewController.swift */,
				CB80D9142032CD16006AD5EA /* Maps.storyboard */,
				CB5EA6C9203591B900EA500B /* BtnSteetScrollableViewController.swift */,
				CB5EA6CA203591B900EA500B /* BtnSteetScrollableViewController.xib */,
				CB5EA6CD203599A700EA500B /* BtnSteetViewController.swift */,
				CB5EA6D92035ACB700EA500B /* AddViewController.swift */,
			);
			path = MapWithManualBtSheet;
			sourceTree = "<group>";
		};
		CB80D9182032D184006AD5EA /* Supports */ = {
			isa = PBXGroup;
			children = (
				CB80D9192032D197006AD5EA /* Images */,
			);
			path = Supports;
			sourceTree = "<group>";
		};
		CB80D9192032D197006AD5EA /* Images */ = {
			isa = PBXGroup;
			children = (
				CB80D91A2032D1A2006AD5EA /* google.png */,
			);
			path = Images;
			sourceTree = "<group>";
		};
/* End PBXGroup section */

/* Begin PBXNativeTarget section */
		CB488D8A2032875F00FF322C /* MTG */ = {
			isa = PBXNativeTarget;
			buildConfigurationList = CB488DB32032875F00FF322C /* Build configuration list for PBXNativeTarget "MTG" */;
			buildPhases = (
				0CA9B1745CD992AAC3028C44 /* [CP] Check Pods Manifest.lock */,
				CB488D872032875F00FF322C /* Sources */,
				CB488D882032875F00FF322C /* Frameworks */,
				CB488D892032875F00FF322C /* Resources */,
				7659392454E40BC0B7724C76 /* [CP] Embed Pods Frameworks */,
				9B1F9D58AB532F00044890D4 /* [CP] Copy Pods Resources */,
			);
			buildRules = (
			);
			dependencies = (
			);
			name = MTG;
			productName = MTG;
			productReference = CB488D8B2032875F00FF322C /* MTG.app */;
			productType = "com.apple.product-type.application";
		};
		CB488D9E2032875F00FF322C /* MTGTests */ = {
			isa = PBXNativeTarget;
			buildConfigurationList = CB488DB62032875F00FF322C /* Build configuration list for PBXNativeTarget "MTGTests" */;
			buildPhases = (
				F7E521965DED3753FB645505 /* [CP] Check Pods Manifest.lock */,
				CB488D9B2032875F00FF322C /* Sources */,
				CB488D9C2032875F00FF322C /* Frameworks */,
				CB488D9D2032875F00FF322C /* Resources */,
				9652FCBEC4B7668C00D8F9D3 /* [CP] Embed Pods Frameworks */,
				70D4857355B1D72D7ACC2E90 /* [CP] Copy Pods Resources */,
			);
			buildRules = (
			);
			dependencies = (
				CB488DA12032875F00FF322C /* PBXTargetDependency */,
			);
			name = MTGTests;
			productName = MTGTests;
			productReference = CB488D9F2032875F00FF322C /* MTGTests.xctest */;
			productType = "com.apple.product-type.bundle.unit-test";
		};
		CB488DA92032875F00FF322C /* MTGUITests */ = {
			isa = PBXNativeTarget;
			buildConfigurationList = CB488DB92032875F00FF322C /* Build configuration list for PBXNativeTarget "MTGUITests" */;
			buildPhases = (
				4E75AB07115A37F884CBE3AE /* [CP] Check Pods Manifest.lock */,
				CB488DA62032875F00FF322C /* Sources */,
				CB488DA72032875F00FF322C /* Frameworks */,
				CB488DA82032875F00FF322C /* Resources */,
				C2C6D285C1A96B4566CF085B /* [CP] Embed Pods Frameworks */,
				3B78D711B13123B9653A79A4 /* [CP] Copy Pods Resources */,
			);
			buildRules = (
			);
			dependencies = (
				CB488DAC2032875F00FF322C /* PBXTargetDependency */,
			);
			name = MTGUITests;
			productName = MTGUITests;
			productReference = CB488DAA2032875F00FF322C /* MTGUITests.xctest */;
			productType = "com.apple.product-type.bundle.ui-testing";
		};
/* End PBXNativeTarget section */

/* Begin PBXProject section */
		CB488D832032875F00FF322C /* Project object */ = {
			isa = PBXProject;
			attributes = {
				LastSwiftUpdateCheck = 0920;
				LastUpgradeCheck = 0920;
				ORGANIZATIONNAME = Emerald;
				TargetAttributes = {
					CB488D8A2032875F00FF322C = {
						CreatedOnToolsVersion = 9.2;
						ProvisioningStyle = Automatic;
					};
					CB488D9E2032875F00FF322C = {
						CreatedOnToolsVersion = 9.2;
						ProvisioningStyle = Automatic;
						TestTargetID = CB488D8A2032875F00FF322C;
					};
					CB488DA92032875F00FF322C = {
						CreatedOnToolsVersion = 9.2;
						ProvisioningStyle = Automatic;
						TestTargetID = CB488D8A2032875F00FF322C;
					};
				};
			};
			buildConfigurationList = CB488D862032875F00FF322C /* Build configuration list for PBXProject "MTG" */;
			compatibilityVersion = "Xcode 8.0";
			developmentRegion = en;
			hasScannedForEncodings = 0;
			knownRegions = (
				en,
				Base,
			);
			mainGroup = CB488D822032875F00FF322C;
			productRefGroup = CB488D8C2032875F00FF322C /* Products */;
			projectDirPath = "";
			projectRoot = "";
			targets = (
				CB488D8A2032875F00FF322C /* MTG */,
				CB488D9E2032875F00FF322C /* MTGTests */,
				CB488DA92032875F00FF322C /* MTGUITests */,
			);
		};
/* End PBXProject section */

/* Begin PBXResourcesBuildPhase section */
		CB488D892032875F00FF322C /* Resources */ = {
			isa = PBXResourcesBuildPhase;
			buildActionMask = 2147483647;
			files = (
				CB5EA6CC203591B900EA500B /* BtnSteetScrollableViewController.xib in Resources */,
				CB488D992032875F00FF322C /* LaunchScreen.storyboard in Resources */,
				CB488D962032875F00FF322C /* Assets.xcassets in Resources */,
				CB5EA6E02035AE1800EA500B /* BottomSheetViewController.xib in Resources */,
				CB80D9152032CD16006AD5EA /* Maps.storyboard in Resources */,
				CB488D942032875F00FF322C /* Main.storyboard in Resources */,
				CB80D91B2032D1A2006AD5EA /* google.png in Resources */,
			);
			runOnlyForDeploymentPostprocessing = 0;
		};
		CB488D9D2032875F00FF322C /* Resources */ = {
			isa = PBXResourcesBuildPhase;
			buildActionMask = 2147483647;
			files = (
			);
			runOnlyForDeploymentPostprocessing = 0;
		};
		CB488DA82032875F00FF322C /* Resources */ = {
			isa = PBXResourcesBuildPhase;
			buildActionMask = 2147483647;
			files = (
			);
			runOnlyForDeploymentPostprocessing = 0;
		};
/* End PBXResourcesBuildPhase section */

/* Begin PBXShellScriptBuildPhase section */
		0CA9B1745CD992AAC3028C44 /* [CP] Check Pods Manifest.lock */ = {
			isa = PBXShellScriptBuildPhase;
			buildActionMask = 2147483647;
			files = (
			);
			inputPaths = (
				"${PODS_PODFILE_DIR_PATH}/Podfile.lock",
				"${PODS_ROOT}/Manifest.lock",
			);
			name = "[CP] Check Pods Manifest.lock";
			outputPaths = (
				"$(DERIVED_FILE_DIR)/Pods-MTG-checkManifestLockResult.txt",
			);
			runOnlyForDeploymentPostprocessing = 0;
			shellPath = /bin/sh;
			shellScript = "diff \"${PODS_PODFILE_DIR_PATH}/Podfile.lock\" \"${PODS_ROOT}/Manifest.lock\" > /dev/null\nif [ $? != 0 ] ; then\n    # print error to STDERR\n    echo \"error: The sandbox is not in sync with the Podfile.lock. Run 'pod install' or update your CocoaPods installation.\" >&2\n    exit 1\nfi\n# This output is used by Xcode 'outputs' to avoid re-running this script phase.\necho \"SUCCESS\" > \"${SCRIPT_OUTPUT_FILE_0}\"\n";
			showEnvVarsInLog = 0;
		};
		3B78D711B13123B9653A79A4 /* [CP] Copy Pods Resources */ = {
			isa = PBXShellScriptBuildPhase;
			buildActionMask = 2147483647;
			files = (
			);
			inputPaths = (
			);
			name = "[CP] Copy Pods Resources";
			outputPaths = (
			);
			runOnlyForDeploymentPostprocessing = 0;
			shellPath = /bin/sh;
			shellScript = "\"${SRCROOT}/Pods/Target Support Files/Pods-MTGUITests/Pods-MTGUITests-resources.sh\"\n";
			showEnvVarsInLog = 0;
		};
		4E75AB07115A37F884CBE3AE /* [CP] Check Pods Manifest.lock */ = {
			isa = PBXShellScriptBuildPhase;
			buildActionMask = 2147483647;
			files = (
			);
			inputPaths = (
				"${PODS_PODFILE_DIR_PATH}/Podfile.lock",
				"${PODS_ROOT}/Manifest.lock",
			);
			name = "[CP] Check Pods Manifest.lock";
			outputPaths = (
				"$(DERIVED_FILE_DIR)/Pods-MTGUITests-checkManifestLockResult.txt",
			);
			runOnlyForDeploymentPostprocessing = 0;
			shellPath = /bin/sh;
			shellScript = "diff \"${PODS_PODFILE_DIR_PATH}/Podfile.lock\" \"${PODS_ROOT}/Manifest.lock\" > /dev/null\nif [ $? != 0 ] ; then\n    # print error to STDERR\n    echo \"error: The sandbox is not in sync with the Podfile.lock. Run 'pod install' or update your CocoaPods installation.\" >&2\n    exit 1\nfi\n# This output is used by Xcode 'outputs' to avoid re-running this script phase.\necho \"SUCCESS\" > \"${SCRIPT_OUTPUT_FILE_0}\"\n";
			showEnvVarsInLog = 0;
		};
		70D4857355B1D72D7ACC2E90 /* [CP] Copy Pods Resources */ = {
			isa = PBXShellScriptBuildPhase;
			buildActionMask = 2147483647;
			files = (
			);
			inputPaths = (
			);
			name = "[CP] Copy Pods Resources";
			outputPaths = (
			);
			runOnlyForDeploymentPostprocessing = 0;
			shellPath = /bin/sh;
			shellScript = "\"${SRCROOT}/Pods/Target Support Files/Pods-MTGTests/Pods-MTGTests-resources.sh\"\n";
			showEnvVarsInLog = 0;
		};
		7659392454E40BC0B7724C76 /* [CP] Embed Pods Frameworks */ = {
			isa = PBXShellScriptBuildPhase;
			buildActionMask = 2147483647;
			files = (
			);
			inputPaths = (
				"${SRCROOT}/Pods/Target Support Files/Pods-MTG/Pods-MTG-frameworks.sh",
				"${BUILT_PRODUCTS_DIR}/AFNetworking/AFNetworking.framework",
				"${BUILT_PRODUCTS_DIR}/Alamofire/Alamofire.framework",
				"${BUILT_PRODUCTS_DIR}/AlamofireImage/AlamofireImage.framework",
				"${BUILT_PRODUCTS_DIR}/Charts/Charts.framework",
				"${BUILT_PRODUCTS_DIR}/FSCalendar/FSCalendar.framework",
				"${BUILT_PRODUCTS_DIR}/HMSegmentedControl/HMSegmentedControl.framework",
				"${BUILT_PRODUCTS_DIR}/STPopup/STPopup.framework",
				"${BUILT_PRODUCTS_DIR}/SwiftSpinner/SwiftSpinner.framework",
				"${BUILT_PRODUCTS_DIR}/SwiftyJSON/SwiftyJSON.framework",
			);
			name = "[CP] Embed Pods Frameworks";
			outputPaths = (
				"${TARGET_BUILD_DIR}/${FRAMEWORKS_FOLDER_PATH}/AFNetworking.framework",
				"${TARGET_BUILD_DIR}/${FRAMEWORKS_FOLDER_PATH}/Alamofire.framework",
				"${TARGET_BUILD_DIR}/${FRAMEWORKS_FOLDER_PATH}/AlamofireImage.framework",
				"${TARGET_BUILD_DIR}/${FRAMEWORKS_FOLDER_PATH}/Charts.framework",
				"${TARGET_BUILD_DIR}/${FRAMEWORKS_FOLDER_PATH}/FSCalendar.framework",
				"${TARGET_BUILD_DIR}/${FRAMEWORKS_FOLDER_PATH}/HMSegmentedControl.framework",
				"${TARGET_BUILD_DIR}/${FRAMEWORKS_FOLDER_PATH}/STPopup.framework",
				"${TARGET_BUILD_DIR}/${FRAMEWORKS_FOLDER_PATH}/SwiftSpinner.framework",
				"${TARGET_BUILD_DIR}/${FRAMEWORKS_FOLDER_PATH}/SwiftyJSON.framework",
			);
			runOnlyForDeploymentPostprocessing = 0;
			shellPath = /bin/sh;
			shellScript = "\"${SRCROOT}/Pods/Target Support Files/Pods-MTG/Pods-MTG-frameworks.sh\"\n";
			showEnvVarsInLog = 0;
		};
		9652FCBEC4B7668C00D8F9D3 /* [CP] Embed Pods Frameworks */ = {
			isa = PBXShellScriptBuildPhase;
			buildActionMask = 2147483647;
			files = (
			);
			inputPaths = (
			);
			name = "[CP] Embed Pods Frameworks";
			outputPaths = (
			);
			runOnlyForDeploymentPostprocessing = 0;
			shellPath = /bin/sh;
			shellScript = "\"${SRCROOT}/Pods/Target Support Files/Pods-MTGTests/Pods-MTGTests-frameworks.sh\"\n";
			showEnvVarsInLog = 0;
		};
		9B1F9D58AB532F00044890D4 /* [CP] Copy Pods Resources */ = {
			isa = PBXShellScriptBuildPhase;
			buildActionMask = 2147483647;
			files = (
			);
			inputPaths = (
				"${SRCROOT}/Pods/Target Support Files/Pods-MTG/Pods-MTG-resources.sh",
				"${PODS_ROOT}/GoogleMaps/Maps/Frameworks/GoogleMaps.framework/Resources/GoogleMaps.bundle",
			);
			name = "[CP] Copy Pods Resources";
			outputPaths = (
				"${TARGET_BUILD_DIR}/${UNLOCALIZED_RESOURCES_FOLDER_PATH}/GoogleMaps.bundle",
			);
			runOnlyForDeploymentPostprocessing = 0;
			shellPath = /bin/sh;
			shellScript = "\"${SRCROOT}/Pods/Target Support Files/Pods-MTG/Pods-MTG-resources.sh\"\n";
			showEnvVarsInLog = 0;
		};
		C2C6D285C1A96B4566CF085B /* [CP] Embed Pods Frameworks */ = {
			isa = PBXShellScriptBuildPhase;
			buildActionMask = 2147483647;
			files = (
			);
			inputPaths = (
			);
			name = "[CP] Embed Pods Frameworks";
			outputPaths = (
			);
			runOnlyForDeploymentPostprocessing = 0;
			shellPath = /bin/sh;
			shellScript = "\"${SRCROOT}/Pods/Target Support Files/Pods-MTGUITests/Pods-MTGUITests-frameworks.sh\"\n";
			showEnvVarsInLog = 0;
		};
		F7E521965DED3753FB645505 /* [CP] Check Pods Manifest.lock */ = {
			isa = PBXShellScriptBuildPhase;
			buildActionMask = 2147483647;
			files = (
			);
			inputPaths = (
				"${PODS_PODFILE_DIR_PATH}/Podfile.lock",
				"${PODS_ROOT}/Manifest.lock",
			);
			name = "[CP] Check Pods Manifest.lock";
			outputPaths = (
				"$(DERIVED_FILE_DIR)/Pods-MTGTests-checkManifestLockResult.txt",
			);
			runOnlyForDeploymentPostprocessing = 0;
			shellPath = /bin/sh;
			shellScript = "diff \"${PODS_PODFILE_DIR_PATH}/Podfile.lock\" \"${PODS_ROOT}/Manifest.lock\" > /dev/null\nif [ $? != 0 ] ; then\n    # print error to STDERR\n    echo \"error: The sandbox is not in sync with the Podfile.lock. Run 'pod install' or update your CocoaPods installation.\" >&2\n    exit 1\nfi\n# This output is used by Xcode 'outputs' to avoid re-running this script phase.\necho \"SUCCESS\" > \"${SCRIPT_OUTPUT_FILE_0}\"\n";
			showEnvVarsInLog = 0;
		};
/* End PBXShellScriptBuildPhase section */

/* Begin PBXSourcesBuildPhase section */
		CB488D872032875F00FF322C /* Sources */ = {
			isa = PBXSourcesBuildPhase;
			buildActionMask = 2147483647;
			files = (
				CB488D912032875F00FF322C /* HomeViewController.swift in Sources */,
				CB5EA6E420383FD700EA500B /* AddPinViewController.swift in Sources */,
				CB5EA6DF2035AE1800EA500B /* BottomSheetViewController.swift in Sources */,
				CB5EA6DB2035ACB700EA500B /* AddViewController.swift in Sources */,
				CB488D8F2032875F00FF322C /* AppDelegate.swift in Sources */,
				CB5EA6CB203591B900EA500B /* BtnSteetScrollableViewController.swift in Sources */,
				CB5EA6CF203599A700EA500B /* BtnSteetViewController.swift in Sources */,
				CB5EA6E6203889E100EA500B /* DroppablePin.swift in Sources */,
				CB5EA6EF20394AEA00EA500B /* PopViewController.swift in Sources */,
				CB5EA6E22036ADC600EA500B /* Annotation.swift in Sources */,
				CB5EA6E92038A56D00EA500B /* PhotoCollectionViewCell.swift in Sources */,
				CB80D9132032CCDF006AD5EA /* MapBaseViewController.swift in Sources */,
				CB5EA6EC203916D000EA500B /* Constants.swift in Sources */,
			);
			runOnlyForDeploymentPostprocessing = 0;
		};
		CB488D9B2032875F00FF322C /* Sources */ = {
			isa = PBXSourcesBuildPhase;
			buildActionMask = 2147483647;
			files = (
				CB488DA42032875F00FF322C /* MTGTests.swift in Sources */,
			);
			runOnlyForDeploymentPostprocessing = 0;
		};
		CB488DA62032875F00FF322C /* Sources */ = {
			isa = PBXSourcesBuildPhase;
			buildActionMask = 2147483647;
			files = (
				CB488DAF2032875F00FF322C /* MTGUITests.swift in Sources */,
			);
			runOnlyForDeploymentPostprocessing = 0;
		};
/* End PBXSourcesBuildPhase section */

/* Begin PBXTargetDependency section */
		CB488DA12032875F00FF322C /* PBXTargetDependency */ = {
			isa = PBXTargetDependency;
			target = CB488D8A2032875F00FF322C /* MTG */;
			targetProxy = CB488DA02032875F00FF322C /* PBXContainerItemProxy */;
		};
		CB488DAC2032875F00FF322C /* PBXTargetDependency */ = {
			isa = PBXTargetDependency;
			target = CB488D8A2032875F00FF322C /* MTG */;
			targetProxy = CB488DAB2032875F00FF322C /* PBXContainerItemProxy */;
		};
/* End PBXTargetDependency section */

/* Begin PBXVariantGroup section */
		CB488D922032875F00FF322C /* Main.storyboard */ = {
			isa = PBXVariantGroup;
			children = (
				CB488D932032875F00FF322C /* Base */,
			);
			name = Main.storyboard;
			sourceTree = "<group>";
		};
		CB488D972032875F00FF322C /* LaunchScreen.storyboard */ = {
			isa = PBXVariantGroup;
			children = (
				CB488D982032875F00FF322C /* Base */,
			);
			name = LaunchScreen.storyboard;
			sourceTree = "<group>";
		};
/* End PBXVariantGroup section */

/* Begin XCBuildConfiguration section */
		CB488DB12032875F00FF322C /* Debug */ = {
			isa = XCBuildConfiguration;
			buildSettings = {
				ALWAYS_SEARCH_USER_PATHS = NO;
				CLANG_ANALYZER_NONNULL = YES;
				CLANG_ANALYZER_NUMBER_OBJECT_CONVERSION = YES_AGGRESSIVE;
				CLANG_CXX_LANGUAGE_STANDARD = "gnu++14";
				CLANG_CXX_LIBRARY = "libc++";
				CLANG_ENABLE_MODULES = YES;
				CLANG_ENABLE_OBJC_ARC = YES;
				CLANG_WARN_BLOCK_CAPTURE_AUTORELEASING = YES;
				CLANG_WARN_BOOL_CONVERSION = YES;
				CLANG_WARN_COMMA = YES;
				CLANG_WARN_CONSTANT_CONVERSION = YES;
				CLANG_WARN_DIRECT_OBJC_ISA_USAGE = YES_ERROR;
				CLANG_WARN_DOCUMENTATION_COMMENTS = YES;
				CLANG_WARN_EMPTY_BODY = YES;
				CLANG_WARN_ENUM_CONVERSION = YES;
				CLANG_WARN_INFINITE_RECURSION = YES;
				CLANG_WARN_INT_CONVERSION = YES;
				CLANG_WARN_NON_LITERAL_NULL_CONVERSION = YES;
				CLANG_WARN_OBJC_LITERAL_CONVERSION = YES;
				CLANG_WARN_OBJC_ROOT_CLASS = YES_ERROR;
				CLANG_WARN_RANGE_LOOP_ANALYSIS = YES;
				CLANG_WARN_STRICT_PROTOTYPES = YES;
				CLANG_WARN_SUSPICIOUS_MOVE = YES;
				CLANG_WARN_UNGUARDED_AVAILABILITY = YES_AGGRESSIVE;
				CLANG_WARN_UNREACHABLE_CODE = YES;
				CLANG_WARN__DUPLICATE_METHOD_MATCH = YES;
				CODE_SIGN_IDENTITY = "iPhone Developer";
				COPY_PHASE_STRIP = NO;
				DEBUG_INFORMATION_FORMAT = dwarf;
				ENABLE_STRICT_OBJC_MSGSEND = YES;
				ENABLE_TESTABILITY = YES;
				GCC_C_LANGUAGE_STANDARD = gnu11;
				GCC_DYNAMIC_NO_PIC = NO;
				GCC_NO_COMMON_BLOCKS = YES;
				GCC_OPTIMIZATION_LEVEL = 0;
				GCC_PREPROCESSOR_DEFINITIONS = (
					"DEBUG=1",
					"$(inherited)",
				);
				GCC_WARN_64_TO_32_BIT_CONVERSION = YES;
				GCC_WARN_ABOUT_RETURN_TYPE = YES_ERROR;
				GCC_WARN_UNDECLARED_SELECTOR = YES;
				GCC_WARN_UNINITIALIZED_AUTOS = YES_AGGRESSIVE;
				GCC_WARN_UNUSED_FUNCTION = YES;
				GCC_WARN_UNUSED_VARIABLE = YES;
				IPHONEOS_DEPLOYMENT_TARGET = 11.2;
				MTL_ENABLE_DEBUG_INFO = YES;
				ONLY_ACTIVE_ARCH = YES;
				SDKROOT = iphoneos;
				SWIFT_ACTIVE_COMPILATION_CONDITIONS = DEBUG;
				SWIFT_OPTIMIZATION_LEVEL = "-Onone";
			};
			name = Debug;
		};
		CB488DB22032875F00FF322C /* Release */ = {
			isa = XCBuildConfiguration;
			buildSettings = {
				ALWAYS_SEARCH_USER_PATHS = NO;
				CLANG_ANALYZER_NONNULL = YES;
				CLANG_ANALYZER_NUMBER_OBJECT_CONVERSION = YES_AGGRESSIVE;
				CLANG_CXX_LANGUAGE_STANDARD = "gnu++14";
				CLANG_CXX_LIBRARY = "libc++";
				CLANG_ENABLE_MODULES = YES;
				CLANG_ENABLE_OBJC_ARC = YES;
				CLANG_WARN_BLOCK_CAPTURE_AUTORELEASING = YES;
				CLANG_WARN_BOOL_CONVERSION = YES;
				CLANG_WARN_COMMA = YES;
				CLANG_WARN_CONSTANT_CONVERSION = YES;
				CLANG_WARN_DIRECT_OBJC_ISA_USAGE = YES_ERROR;
				CLANG_WARN_DOCUMENTATION_COMMENTS = YES;
				CLANG_WARN_EMPTY_BODY = YES;
				CLANG_WARN_ENUM_CONVERSION = YES;
				CLANG_WARN_INFINITE_RECURSION = YES;
				CLANG_WARN_INT_CONVERSION = YES;
				CLANG_WARN_NON_LITERAL_NULL_CONVERSION = YES;
				CLANG_WARN_OBJC_LITERAL_CONVERSION = YES;
				CLANG_WARN_OBJC_ROOT_CLASS = YES_ERROR;
				CLANG_WARN_RANGE_LOOP_ANALYSIS = YES;
				CLANG_WARN_STRICT_PROTOTYPES = YES;
				CLANG_WARN_SUSPICIOUS_MOVE = YES;
				CLANG_WARN_UNGUARDED_AVAILABILITY = YES_AGGRESSIVE;
				CLANG_WARN_UNREACHABLE_CODE = YES;
				CLANG_WARN__DUPLICATE_METHOD_MATCH = YES;
				CODE_SIGN_IDENTITY = "iPhone Developer";
				COPY_PHASE_STRIP = NO;
				DEBUG_INFORMATION_FORMAT = "dwarf-with-dsym";
				ENABLE_NS_ASSERTIONS = NO;
				ENABLE_STRICT_OBJC_MSGSEND = YES;
				GCC_C_LANGUAGE_STANDARD = gnu11;
				GCC_NO_COMMON_BLOCKS = YES;
				GCC_WARN_64_TO_32_BIT_CONVERSION = YES;
				GCC_WARN_ABOUT_RETURN_TYPE = YES_ERROR;
				GCC_WARN_UNDECLARED_SELECTOR = YES;
				GCC_WARN_UNINITIALIZED_AUTOS = YES_AGGRESSIVE;
				GCC_WARN_UNUSED_FUNCTION = YES;
				GCC_WARN_UNUSED_VARIABLE = YES;
				IPHONEOS_DEPLOYMENT_TARGET = 11.2;
				MTL_ENABLE_DEBUG_INFO = NO;
				SDKROOT = iphoneos;
				SWIFT_OPTIMIZATION_LEVEL = "-Owholemodule";
				VALIDATE_PRODUCT = YES;
			};
			name = Release;
		};
		CB488DB42032875F00FF322C /* Debug */ = {
			isa = XCBuildConfiguration;
			baseConfigurationReference = 8484178D0A38C7744F52D271 /* Pods-MTG.debug.xcconfig */;
			buildSettings = {
				ASSETCATALOG_COMPILER_APPICON_NAME = AppIcon;
				CODE_SIGN_STYLE = Automatic;
				DEVELOPMENT_TEAM = AU236QCNYR;
				INFOPLIST_FILE = MTG/Info.plist;
				LD_RUNPATH_SEARCH_PATHS = "$(inherited) @executable_path/Frameworks";
				PRODUCT_BUNDLE_IDENTIFIER = com.MTG.MTG;
				PRODUCT_NAME = "$(TARGET_NAME)";
				SWIFT_VERSION = 4.0;
				TARGETED_DEVICE_FAMILY = "1,2";
			};
			name = Debug;
		};
		CB488DB52032875F00FF322C /* Release */ = {
			isa = XCBuildConfiguration;
			baseConfigurationReference = 965AAF41D34AC070D577DA24 /* Pods-MTG.release.xcconfig */;
			buildSettings = {
				ASSETCATALOG_COMPILER_APPICON_NAME = AppIcon;
				CODE_SIGN_STYLE = Automatic;
				DEVELOPMENT_TEAM = AU236QCNYR;
				INFOPLIST_FILE = MTG/Info.plist;
				LD_RUNPATH_SEARCH_PATHS = "$(inherited) @executable_path/Frameworks";
				PRODUCT_BUNDLE_IDENTIFIER = com.MTG.MTG;
				PRODUCT_NAME = "$(TARGET_NAME)";
				SWIFT_VERSION = 4.0;
				TARGETED_DEVICE_FAMILY = "1,2";
			};
			name = Release;
		};
		CB488DB72032875F00FF322C /* Debug */ = {
			isa = XCBuildConfiguration;
			baseConfigurationReference = 25C5FC93B28FC51D0DB79001 /* Pods-MTGTests.debug.xcconfig */;
			buildSettings = {
				ALWAYS_EMBED_SWIFT_STANDARD_LIBRARIES = YES;
				BUNDLE_LOADER = "$(TEST_HOST)";
				CODE_SIGN_STYLE = Automatic;
				DEVELOPMENT_TEAM = AU236QCNYR;
				INFOPLIST_FILE = MTGTests/Info.plist;
				LD_RUNPATH_SEARCH_PATHS = "$(inherited) @executable_path/Frameworks @loader_path/Frameworks";
				PRODUCT_BUNDLE_IDENTIFIER = com.MTG.MTGTests;
				PRODUCT_NAME = "$(TARGET_NAME)";
				SWIFT_VERSION = 4.0;
				TARGETED_DEVICE_FAMILY = "1,2";
				TEST_HOST = "$(BUILT_PRODUCTS_DIR)/MTG.app/MTG";
			};
			name = Debug;
		};
		CB488DB82032875F00FF322C /* Release */ = {
			isa = XCBuildConfiguration;
			baseConfigurationReference = BA48924DA0094CDCC9B2C172 /* Pods-MTGTests.release.xcconfig */;
			buildSettings = {
				ALWAYS_EMBED_SWIFT_STANDARD_LIBRARIES = YES;
				BUNDLE_LOADER = "$(TEST_HOST)";
				CODE_SIGN_STYLE = Automatic;
				DEVELOPMENT_TEAM = AU236QCNYR;
				INFOPLIST_FILE = MTGTests/Info.plist;
				LD_RUNPATH_SEARCH_PATHS = "$(inherited) @executable_path/Frameworks @loader_path/Frameworks";
				PRODUCT_BUNDLE_IDENTIFIER = com.MTG.MTGTests;
				PRODUCT_NAME = "$(TARGET_NAME)";
				SWIFT_VERSION = 4.0;
				TARGETED_DEVICE_FAMILY = "1,2";
				TEST_HOST = "$(BUILT_PRODUCTS_DIR)/MTG.app/MTG";
			};
			name = Release;
		};
		CB488DBA2032875F00FF322C /* Debug */ = {
			isa = XCBuildConfiguration;
			baseConfigurationReference = 22EFE9899AEF29CF7D0EFE92 /* Pods-MTGUITests.debug.xcconfig */;
			buildSettings = {
				ALWAYS_EMBED_SWIFT_STANDARD_LIBRARIES = YES;
				CODE_SIGN_STYLE = Automatic;
				DEVELOPMENT_TEAM = AU236QCNYR;
				INFOPLIST_FILE = MTGUITests/Info.plist;
				LD_RUNPATH_SEARCH_PATHS = "$(inherited) @executable_path/Frameworks @loader_path/Frameworks";
				PRODUCT_BUNDLE_IDENTIFIER = com.MTG.MTGUITests;
				PRODUCT_NAME = "$(TARGET_NAME)";
				SWIFT_VERSION = 4.0;
				TARGETED_DEVICE_FAMILY = "1,2";
				TEST_TARGET_NAME = MTG;
			};
			name = Debug;
		};
		CB488DBB2032875F00FF322C /* Release */ = {
			isa = XCBuildConfiguration;
			baseConfigurationReference = 4B1304883B907CB1FCF3027A /* Pods-MTGUITests.release.xcconfig */;
			buildSettings = {
				ALWAYS_EMBED_SWIFT_STANDARD_LIBRARIES = YES;
				CODE_SIGN_STYLE = Automatic;
				DEVELOPMENT_TEAM = AU236QCNYR;
				INFOPLIST_FILE = MTGUITests/Info.plist;
				LD_RUNPATH_SEARCH_PATHS = "$(inherited) @executable_path/Frameworks @loader_path/Frameworks";
				PRODUCT_BUNDLE_IDENTIFIER = com.MTG.MTGUITests;
				PRODUCT_NAME = "$(TARGET_NAME)";
				SWIFT_VERSION = 4.0;
				TARGETED_DEVICE_FAMILY = "1,2";
				TEST_TARGET_NAME = MTG;
			};
			name = Release;
		};
/* End XCBuildConfiguration section */

/* Begin XCConfigurationList section */
		CB488D862032875F00FF322C /* Build configuration list for PBXProject "MTG" */ = {
			isa = XCConfigurationList;
			buildConfigurations = (
				CB488DB12032875F00FF322C /* Debug */,
				CB488DB22032875F00FF322C /* Release */,
			);
			defaultConfigurationIsVisible = 0;
			defaultConfigurationName = Release;
		};
		CB488DB32032875F00FF322C /* Build configuration list for PBXNativeTarget "MTG" */ = {
			isa = XCConfigurationList;
			buildConfigurations = (
				CB488DB42032875F00FF322C /* Debug */,
				CB488DB52032875F00FF322C /* Release */,
			);
			defaultConfigurationIsVisible = 0;
			defaultConfigurationName = Release;
		};
		CB488DB62032875F00FF322C /* Build configuration list for PBXNativeTarget "MTGTests" */ = {
			isa = XCConfigurationList;
			buildConfigurations = (
				CB488DB72032875F00FF322C /* Debug */,
				CB488DB82032875F00FF322C /* Release */,
			);
			defaultConfigurationIsVisible = 0;
			defaultConfigurationName = Release;
		};
		CB488DB92032875F00FF322C /* Build configuration list for PBXNativeTarget "MTGUITests" */ = {
			isa = XCConfigurationList;
			buildConfigurations = (
				CB488DBA2032875F00FF322C /* Debug */,
				CB488DBB2032875F00FF322C /* Release */,
			);
			defaultConfigurationIsVisible = 0;
			defaultConfigurationName = Release;
		};
/* End XCConfigurationList section */
	};
	rootObject = CB488D832032875F00FF322C /* Project object */;
}
